
Microsoft Visual Studio Solution File, Format Version 12.00
# Visual Studio Version 16
VisualStudioVersion = 16.0.31911.196
MinimumVisualStudioVersion = 10.0.40219.1
Project("{FAE04EC0-301F-11D3-BF4B-00C04F79EFBC}") = "SchoolAPI", "SchoolAPI\SchoolAPI.csproj", "{34D81A96-1663-4B50-B400-C65DBD58376B}"
EndProject
Global
	GlobalSection(SolutionConfigurationPlatforms) = preSolution
		Debug|Any CPU = Debug|Any CPU
		Release|Any CPU = Release|Any CPU
	EndGlobalSection
	GlobalSection(ProjectConfigurationPlatforms) = postSolution
		{34D81A96-1663-4B50-B400-C65DBD58376B}.Debug|Any CPU.ActiveCfg = Debug|Any CPU
		{34D81A96-1663-4B50-B400-C65DBD58376B}.Debug|Any CPU.Build.0 = Debug|Any CPU
		{34D81A96-1663-4B50-B400-C65DBD58376B}.Release|Any CPU.ActiveCfg = Release|Any CPU
		{34D81A96-1663-4B50-B400-C65DBD58376B}.Release|Any CPU.Build.0 = Release|Any CPU
	EndGlobalSection
	GlobalSection(SolutionProperties) = preSolution
		HideSolutionNode = FALSE
	EndGlobalSection
	GlobalSection(ExtensibilityGlobals) = postSolution
		SolutionGuid = {1E0437A7-A7A8-4E9A-888D-24FCAD680A36}
	EndGlobalSection
EndGlobal
